
Microsoft Visual Studio Solution File, Format Version 12.00
# Visual Studio 15
VisualStudioVersion = 15.0.26430.12
MinimumVisualStudioVersion = 10.0.40219.1
Project("{FAE04EC0-301F-11D3-BF4B-00C04F79EFBC}") = "Excellent-Result", "Excellent-Result\Excellent-Result.csproj", "{A8F4112E-0F34-4507-A4E6-35A2D3F1B22D}"
EndProject
Project("{FAE04EC0-301F-11D3-BF4B-00C04F79EFBC}") = "Excellent-or-Not", "Excellent-or-Not\Excellent-or-Not.csproj", "{2CFDD80D-6EBF-411B-AECB-6A18B9D63C49}"
EndProject
Project("{FAE04EC0-301F-11D3-BF4B-00C04F79EFBC}") = "EvenOrOdd", "EvenOrOdd\EvenOrOdd.csproj", "{3C2841FE-584B-484C-B7BA-98349116B6B7}"
EndProject
Project("{FAE04EC0-301F-11D3-BF4B-00C04F79EFBC}") = "GreatestNumber", "GreatestNumber\GreatestNumber.csproj", "{4B2D6FC0-EE51-443D-9256-1B1F81565CB9}"
EndProject
Project("{FAE04EC0-301F-11D3-BF4B-00C04F79EFBC}") = "NumbersFromOneToTen", "NumbersFromOneToTen\NumbersFromOneToTen.csproj", "{BCD82A5C-35F1-4044-BEFD-B7A0B35E92D8}"
EndProject
Project("{FAE04EC0-301F-11D3-BF4B-00C04F79EFBC}") = "BonusScore", "BonusScore\BonusScore.csproj", "{669EAE87-3421-43FF-964A-5D2C11813CAC}"
EndProject
Project("{FAE04EC0-301F-11D3-BF4B-00C04F79EFBC}") = "SumSeconds", "SumSeconds\SumSeconds.csproj", "{85D86176-F380-49C3-8C27-D31CBF92E886}"
EndProject
Project("{FAE04EC0-301F-11D3-BF4B-00C04F79EFBC}") = "ConsoleApp1", "ConsoleApp1\ConsoleApp1.csproj", "{BFAAD61D-EE34-468D-B6FB-1A57CCB824AF}"
EndProject
Project("{FAE04EC0-301F-11D3-BF4B-00C04F79EFBC}") = "MetricConverter", "MetricConverter\MetricConverter.csproj", "{1A6EE399-F2F0-4F2D-89FE-37DA4C42EE93}"
EndProject
Project("{FAE04EC0-301F-11D3-BF4B-00C04F79EFBC}") = "18.TransportPriceHomeWork", "18.TransportPriceHomeWork\18.TransportPriceHomeWork.csproj", "{C4D9A84C-7ABF-44A0-8314-C0DF91B34D70}"
EndProject
Project("{FAE04EC0-301F-11D3-BF4B-00C04F79EFBC}") = "19.PoolPipesHomeWork", "19.PoolPipesHomeWork\19.PoolPipesHomeWork.csproj", "{6E09E0BD-1641-4AC4-BC4F-1F6C09FFA74E}"
EndProject
Project("{FAE04EC0-301F-11D3-BF4B-00C04F79EFBC}") = "20.SleepyTomHomeWork", "20.SleepyTomHomeWork\20.SleepyTomHomeWork.csproj", "{B0DAF88F-31F3-4B7C-97A9-0858949E8CC9}"
EndProject
Project("{FAE04EC0-301F-11D3-BF4B-00C04F79EFBC}") = "20.HarvestHomeWork", "20.HarvestHomeWork\20.HarvestHomeWork.csproj", "{4EEE05D2-4D6B-4CB7-BC69-C45535A4AC41}"
EndProject
Global
	GlobalSection(SolutionConfigurationPlatforms) = preSolution
		Debug|Any CPU = Debug|Any CPU
		Release|Any CPU = Release|Any CPU
	EndGlobalSection
	GlobalSection(ProjectConfigurationPlatforms) = postSolution
		{A8F4112E-0F34-4507-A4E6-35A2D3F1B22D}.Debug|Any CPU.ActiveCfg = Debug|Any CPU
		{A8F4112E-0F34-4507-A4E6-35A2D3F1B22D}.Debug|Any CPU.Build.0 = Debug|Any CPU
		{A8F4112E-0F34-4507-A4E6-35A2D3F1B22D}.Release|Any CPU.ActiveCfg = Release|Any CPU
		{A8F4112E-0F34-4507-A4E6-35A2D3F1B22D}.Release|Any CPU.Build.0 = Release|Any CPU
		{2CFDD80D-6EBF-411B-AECB-6A18B9D63C49}.Debug|Any CPU.ActiveCfg = Debug|Any CPU
		{2CFDD80D-6EBF-411B-AECB-6A18B9D63C49}.Debug|Any CPU.Build.0 = Debug|Any CPU
		{2CFDD80D-6EBF-411B-AECB-6A18B9D63C49}.Release|Any CPU.ActiveCfg = Release|Any CPU
		{2CFDD80D-6EBF-411B-AECB-6A18B9D63C49}.Release|Any CPU.Build.0 = Release|Any CPU
		{3C2841FE-584B-484C-B7BA-98349116B6B7}.Debug|Any CPU.ActiveCfg = Debug|Any CPU
		{3C2841FE-584B-484C-B7BA-98349116B6B7}.Debug|Any CPU.Build.0 = Debug|Any CPU
		{3C2841FE-584B-484C-B7BA-98349116B6B7}.Release|Any CPU.ActiveCfg = Release|Any CPU
		{3C2841FE-584B-484C-B7BA-98349116B6B7}.Release|Any CPU.Build.0 = Release|Any CPU
		{4B2D6FC0-EE51-443D-9256-1B1F81565CB9}.Debug|Any CPU.ActiveCfg = Debug|Any CPU
		{4B2D6FC0-EE51-443D-9256-1B1F81565CB9}.Debug|Any CPU.Build.0 = Debug|Any CPU
		{4B2D6FC0-EE51-443D-9256-1B1F81565CB9}.Release|Any CPU.ActiveCfg = Release|Any CPU
		{4B2D6FC0-EE51-443D-9256-1B1F81565CB9}.Release|Any CPU.Build.0 = Release|Any CPU
		{BCD82A5C-35F1-4044-BEFD-B7A0B35E92D8}.Debug|Any CPU.ActiveCfg = Debug|Any CPU
		{BCD82A5C-35F1-4044-BEFD-B7A0B35E92D8}.Debug|Any CPU.Build.0 = Debug|Any CPU
		{BCD82A5C-35F1-4044-BEFD-B7A0B35E92D8}.Release|Any CPU.ActiveCfg = Release|Any CPU
		{BCD82A5C-35F1-4044-BEFD-B7A0B35E92D8}.Release|Any CPU.Build.0 = Release|Any CPU
		{669EAE87-3421-43FF-964A-5D2C11813CAC}.Debug|Any CPU.ActiveCfg = Debug|Any CPU
		{669EAE87-3421-43FF-964A-5D2C11813CAC}.Debug|Any CPU.Build.0 = Debug|Any CPU
		{669EAE87-3421-43FF-964A-5D2C11813CAC}.Release|Any CPU.ActiveCfg = Release|Any CPU
		{669EAE87-3421-43FF-964A-5D2C11813CAC}.Release|Any CPU.Build.0 = Release|Any CPU
		{85D86176-F380-49C3-8C27-D31CBF92E886}.Debug|Any CPU.ActiveCfg = Debug|Any CPU
		{85D86176-F380-49C3-8C27-D31CBF92E886}.Debug|Any CPU.Build.0 = Debug|Any CPU
		{85D86176-F380-49C3-8C27-D31CBF92E886}.Release|Any CPU.ActiveCfg = Release|Any CPU
		{85D86176-F380-49C3-8C27-D31CBF92E886}.Release|Any CPU.Build.0 = Release|Any CPU
		{BFAAD61D-EE34-468D-B6FB-1A57CCB824AF}.Debug|Any CPU.ActiveCfg = Debug|Any CPU
		{BFAAD61D-EE34-468D-B6FB-1A57CCB824AF}.Debug|Any CPU.Build.0 = Debug|Any CPU
		{BFAAD61D-EE34-468D-B6FB-1A57CCB824AF}.Release|Any CPU.ActiveCfg = Release|Any CPU
		{BFAAD61D-EE34-468D-B6FB-1A57CCB824AF}.Release|Any CPU.Build.0 = Release|Any CPU
		{1A6EE399-F2F0-4F2D-89FE-37DA4C42EE93}.Debug|Any CPU.ActiveCfg = Debug|Any CPU
		{1A6EE399-F2F0-4F2D-89FE-37DA4C42EE93}.Debug|Any CPU.Build.0 = Debug|Any CPU
		{1A6EE399-F2F0-4F2D-89FE-37DA4C42EE93}.Release|Any CPU.ActiveCfg = Release|Any CPU
		{1A6EE399-F2F0-4F2D-89FE-37DA4C42EE93}.Release|Any CPU.Build.0 = Release|Any CPU
		{C4D9A84C-7ABF-44A0-8314-C0DF91B34D70}.Debug|Any CPU.ActiveCfg = Debug|Any CPU
		{C4D9A84C-7ABF-44A0-8314-C0DF91B34D70}.Debug|Any CPU.Build.0 = Debug|Any CPU
		{C4D9A84C-7ABF-44A0-8314-C0DF91B34D70}.Release|Any CPU.ActiveCfg = Release|Any CPU
		{C4D9A84C-7ABF-44A0-8314-C0DF91B34D70}.Release|Any CPU.Build.0 = Release|Any CPU
		{6E09E0BD-1641-4AC4-BC4F-1F6C09FFA74E}.Debug|Any CPU.ActiveCfg = Debug|Any CPU
		{6E09E0BD-1641-4AC4-BC4F-1F6C09FFA74E}.Debug|Any CPU.Build.0 = Debug|Any CPU
		{6E09E0BD-1641-4AC4-BC4F-1F6C09FFA74E}.Release|Any CPU.ActiveCfg = Release|Any CPU
		{6E09E0BD-1641-4AC4-BC4F-1F6C09FFA74E}.Release|Any CPU.Build.0 = Release|Any CPU
		{B0DAF88F-31F3-4B7C-97A9-0858949E8CC9}.Debug|Any CPU.ActiveCfg = Debug|Any CPU
		{B0DAF88F-31F3-4B7C-97A9-0858949E8CC9}.Debug|Any CPU.Build.0 = Debug|Any CPU
		{B0DAF88F-31F3-4B7C-97A9-0858949E8CC9}.Release|Any CPU.ActiveCfg = Release|Any CPU
		{B0DAF88F-31F3-4B7C-97A9-0858949E8CC9}.Release|Any CPU.Build.0 = Release|Any CPU
		{4EEE05D2-4D6B-4CB7-BC69-C45535A4AC41}.Debug|Any CPU.ActiveCfg = Debug|Any CPU
		{4EEE05D2-4D6B-4CB7-BC69-C45535A4AC41}.Debug|Any CPU.Build.0 = Debug|Any CPU
		{4EEE05D2-4D6B-4CB7-BC69-C45535A4AC41}.Release|Any CPU.ActiveCfg = Release|Any CPU
		{4EEE05D2-4D6B-4CB7-BC69-C45535A4AC41}.Release|Any CPU.Build.0 = Release|Any CPU
	EndGlobalSection
	GlobalSection(SolutionProperties) = preSolution
		HideSolutionNode = FALSE
	EndGlobalSection
EndGlobal
