
Microsoft Visual Studio Solution File, Format Version 12.00
# Visual Studio 15
VisualStudioVersion = 15.0.26430.13
MinimumVisualStudioVersion = 10.0.40219.1
Project("{FAE04EC0-301F-11D3-BF4B-00C04F79EFBC}") = "01 - Dog House", "01 - Dog House\01 - Dog House.csproj", "{D780124D-CFF8-4DB8-B7F2-C8157525774E}"
EndProject
Project("{FAE04EC0-301F-11D3-BF4B-00C04F79EFBC}") = "02 - Work hours", "02 - Work hours\02 - Work hours.csproj", "{88E62768-053F-4559-9ADD-F52DAEC3D7D6}"
EndProject
Project("{FAE04EC0-301F-11D3-BF4B-00C04F79EFBC}") = "03 - Car To Go", "03 - Car To Go\03 - Car To Go.csproj", "{E235D34D-F7B9-479B-BA88-355E14F739E4}"
EndProject
Project("{FAE04EC0-301F-11D3-BF4B-00C04F79EFBC}") = "04 - Game Of Intervals", "04 - Game Of Intervals\04 - Game Of Intervals.csproj", "{2D3B3F5A-5D18-4B0A-9C34-989A20DF79FA}"
EndProject
Project("{FAE04EC0-301F-11D3-BF4B-00C04F79EFBC}") = "06 - Sum of Two Numbers", "06 - Sum of Two Numbers\06 - Sum of Two Numbers.csproj", "{6A442E1B-DAAA-4A93-938A-C4E4F169F53E}"
EndProject
Project("{FAE04EC0-301F-11D3-BF4B-00C04F79EFBC}") = "05 - SoftUni Logo", "05 - SoftUni Logo\05 - SoftUni Logo.csproj", "{50E45292-C336-44FC-BE12-7C06CAB8E207}"
EndProject
Global
	GlobalSection(SolutionConfigurationPlatforms) = preSolution
		Debug|Any CPU = Debug|Any CPU
		Release|Any CPU = Release|Any CPU
	EndGlobalSection
	GlobalSection(ProjectConfigurationPlatforms) = postSolution
		{D780124D-CFF8-4DB8-B7F2-C8157525774E}.Debug|Any CPU.ActiveCfg = Debug|Any CPU
		{D780124D-CFF8-4DB8-B7F2-C8157525774E}.Debug|Any CPU.Build.0 = Debug|Any CPU
		{D780124D-CFF8-4DB8-B7F2-C8157525774E}.Release|Any CPU.ActiveCfg = Release|Any CPU
		{D780124D-CFF8-4DB8-B7F2-C8157525774E}.Release|Any CPU.Build.0 = Release|Any CPU
		{88E62768-053F-4559-9ADD-F52DAEC3D7D6}.Debug|Any CPU.ActiveCfg = Debug|Any CPU
		{88E62768-053F-4559-9ADD-F52DAEC3D7D6}.Debug|Any CPU.Build.0 = Debug|Any CPU
		{88E62768-053F-4559-9ADD-F52DAEC3D7D6}.Release|Any CPU.ActiveCfg = Release|Any CPU
		{88E62768-053F-4559-9ADD-F52DAEC3D7D6}.Release|Any CPU.Build.0 = Release|Any CPU
		{E235D34D-F7B9-479B-BA88-355E14F739E4}.Debug|Any CPU.ActiveCfg = Debug|Any CPU
		{E235D34D-F7B9-479B-BA88-355E14F739E4}.Debug|Any CPU.Build.0 = Debug|Any CPU
		{E235D34D-F7B9-479B-BA88-355E14F739E4}.Release|Any CPU.ActiveCfg = Release|Any CPU
		{E235D34D-F7B9-479B-BA88-355E14F739E4}.Release|Any CPU.Build.0 = Release|Any CPU
		{2D3B3F5A-5D18-4B0A-9C34-989A20DF79FA}.Debug|Any CPU.ActiveCfg = Debug|Any CPU
		{2D3B3F5A-5D18-4B0A-9C34-989A20DF79FA}.Debug|Any CPU.Build.0 = Debug|Any CPU
		{2D3B3F5A-5D18-4B0A-9C34-989A20DF79FA}.Release|Any CPU.ActiveCfg = Release|Any CPU
		{2D3B3F5A-5D18-4B0A-9C34-989A20DF79FA}.Release|Any CPU.Build.0 = Release|Any CPU
		{6A442E1B-DAAA-4A93-938A-C4E4F169F53E}.Debug|Any CPU.ActiveCfg = Debug|Any CPU
		{6A442E1B-DAAA-4A93-938A-C4E4F169F53E}.Debug|Any CPU.Build.0 = Debug|Any CPU
		{6A442E1B-DAAA-4A93-938A-C4E4F169F53E}.Release|Any CPU.ActiveCfg = Release|Any CPU
		{6A442E1B-DAAA-4A93-938A-C4E4F169F53E}.Release|Any CPU.Build.0 = Release|Any CPU
		{50E45292-C336-44FC-BE12-7C06CAB8E207}.Debug|Any CPU.ActiveCfg = Debug|Any CPU
		{50E45292-C336-44FC-BE12-7C06CAB8E207}.Debug|Any CPU.Build.0 = Debug|Any CPU
		{50E45292-C336-44FC-BE12-7C06CAB8E207}.Release|Any CPU.ActiveCfg = Release|Any CPU
		{50E45292-C336-44FC-BE12-7C06CAB8E207}.Release|Any CPU.Build.0 = Release|Any CPU
	EndGlobalSection
	GlobalSection(SolutionProperties) = preSolution
		HideSolutionNode = FALSE
	EndGlobalSection
EndGlobal
