
Microsoft Visual Studio Solution File, Format Version 12.00
# Visual Studio 15
VisualStudioVersion = 15.0.26430.13
MinimumVisualStudioVersion = 10.0.40219.1
Project("{FAE04EC0-301F-11D3-BF4B-00C04F79EFBC}") = "01. Distance", "01. Distance\01. Distance.csproj", "{8A6A6232-3393-43C5-95A7-412002AB7CCB}"
EndProject
Project("{FAE04EC0-301F-11D3-BF4B-00C04F79EFBC}") = "02. Change Tiles", "02. Change Tiles\02. Change Tiles.csproj", "{7FA38C0B-FF91-484A-9A41-0F3D264B106C}"
EndProject
Project("{FAE04EC0-301F-11D3-BF4B-00C04F79EFBC}") = "03. Flowers", "03. Flowers\03. Flowers.csproj", "{3D177369-BF5B-489F-92CE-843DE137E338}"
EndProject
Project("{FAE04EC0-301F-11D3-BF4B-00C04F79EFBC}") = "04. Grades", "04. Grades\04. Grades.csproj", "{F69180FF-DBCD-4409-A247-2D8A9A0B728B}"
EndProject
Project("{FAE04EC0-301F-11D3-BF4B-00C04F79EFBC}") = "06. Letters Combinations", "06. Letters Combinations\06. Letters Combinations.csproj", "{B32E6AF3-3763-4A27-9527-1B9D615BEDC7}"
EndProject
Project("{FAE04EC0-301F-11D3-BF4B-00C04F79EFBC}") = "05. Christmas Hat", "05. Christmas Hat\05. Christmas Hat.csproj", "{D35B3FFE-1EE4-41D2-9EF0-BA0539D668B5}"
EndProject
Global
	GlobalSection(SolutionConfigurationPlatforms) = preSolution
		Debug|Any CPU = Debug|Any CPU
		Release|Any CPU = Release|Any CPU
	EndGlobalSection
	GlobalSection(ProjectConfigurationPlatforms) = postSolution
		{8A6A6232-3393-43C5-95A7-412002AB7CCB}.Debug|Any CPU.ActiveCfg = Debug|Any CPU
		{8A6A6232-3393-43C5-95A7-412002AB7CCB}.Debug|Any CPU.Build.0 = Debug|Any CPU
		{8A6A6232-3393-43C5-95A7-412002AB7CCB}.Release|Any CPU.ActiveCfg = Release|Any CPU
		{8A6A6232-3393-43C5-95A7-412002AB7CCB}.Release|Any CPU.Build.0 = Release|Any CPU
		{7FA38C0B-FF91-484A-9A41-0F3D264B106C}.Debug|Any CPU.ActiveCfg = Debug|Any CPU
		{7FA38C0B-FF91-484A-9A41-0F3D264B106C}.Debug|Any CPU.Build.0 = Debug|Any CPU
		{7FA38C0B-FF91-484A-9A41-0F3D264B106C}.Release|Any CPU.ActiveCfg = Release|Any CPU
		{7FA38C0B-FF91-484A-9A41-0F3D264B106C}.Release|Any CPU.Build.0 = Release|Any CPU
		{3D177369-BF5B-489F-92CE-843DE137E338}.Debug|Any CPU.ActiveCfg = Debug|Any CPU
		{3D177369-BF5B-489F-92CE-843DE137E338}.Debug|Any CPU.Build.0 = Debug|Any CPU
		{3D177369-BF5B-489F-92CE-843DE137E338}.Release|Any CPU.ActiveCfg = Release|Any CPU
		{3D177369-BF5B-489F-92CE-843DE137E338}.Release|Any CPU.Build.0 = Release|Any CPU
		{F69180FF-DBCD-4409-A247-2D8A9A0B728B}.Debug|Any CPU.ActiveCfg = Debug|Any CPU
		{F69180FF-DBCD-4409-A247-2D8A9A0B728B}.Debug|Any CPU.Build.0 = Debug|Any CPU
		{F69180FF-DBCD-4409-A247-2D8A9A0B728B}.Release|Any CPU.ActiveCfg = Release|Any CPU
		{F69180FF-DBCD-4409-A247-2D8A9A0B728B}.Release|Any CPU.Build.0 = Release|Any CPU
		{B32E6AF3-3763-4A27-9527-1B9D615BEDC7}.Debug|Any CPU.ActiveCfg = Debug|Any CPU
		{B32E6AF3-3763-4A27-9527-1B9D615BEDC7}.Debug|Any CPU.Build.0 = Debug|Any CPU
		{B32E6AF3-3763-4A27-9527-1B9D615BEDC7}.Release|Any CPU.ActiveCfg = Release|Any CPU
		{B32E6AF3-3763-4A27-9527-1B9D615BEDC7}.Release|Any CPU.Build.0 = Release|Any CPU
		{D35B3FFE-1EE4-41D2-9EF0-BA0539D668B5}.Debug|Any CPU.ActiveCfg = Debug|Any CPU
		{D35B3FFE-1EE4-41D2-9EF0-BA0539D668B5}.Debug|Any CPU.Build.0 = Debug|Any CPU
		{D35B3FFE-1EE4-41D2-9EF0-BA0539D668B5}.Release|Any CPU.ActiveCfg = Release|Any CPU
		{D35B3FFE-1EE4-41D2-9EF0-BA0539D668B5}.Release|Any CPU.Build.0 = Release|Any CPU
	EndGlobalSection
	GlobalSection(SolutionProperties) = preSolution
		HideSolutionNode = FALSE
	EndGlobalSection
EndGlobal
