
Microsoft Visual Studio Solution File, Format Version 12.00
# Visual Studio 15
VisualStudioVersion = 15.0.26430.13
MinimumVisualStudioVersion = 10.0.40219.1
Project("{FAE04EC0-301F-11D3-BF4B-00C04F79EFBC}") = "01. House Price", "01. House Price\01. House Price.csproj", "{22693184-974C-4DE5-B4F0-786308C13D86}"
EndProject
Project("{FAE04EC0-301F-11D3-BF4B-00C04F79EFBC}") = "02. Flower Shop", "02. Flower Shop\02. Flower Shop.csproj", "{016D2730-B23A-47B3-93BE-0B11E1E231AE}"
EndProject
Project("{FAE04EC0-301F-11D3-BF4B-00C04F79EFBC}") = "03. Bike Race", "03. Bike Race\03. Bike Race.csproj", "{2D7FA169-E965-499C-A62E-A5114C4588B2}"
EndProject
Project("{FAE04EC0-301F-11D3-BF4B-00C04F79EFBC}") = "04. Logistics", "04. Logistics\04. Logistics.csproj", "{0DB7EA47-2378-4831-AD70-28E22797A38B}"
EndProject
Project("{FAE04EC0-301F-11D3-BF4B-00C04F79EFBC}") = "06.MaxCombination", "06.MaxCombination\06.MaxCombination.csproj", "{439D9550-D2B1-4C85-B55E-1679C96DE83B}"
EndProject
Project("{FAE04EC0-301F-11D3-BF4B-00C04F79EFBC}") = "05. Rocket", "05. Rocket\05. Rocket.csproj", "{5987E622-07EA-47D9-8CB5-9816CF4F243D}"
EndProject
Global
	GlobalSection(SolutionConfigurationPlatforms) = preSolution
		Debug|Any CPU = Debug|Any CPU
		Release|Any CPU = Release|Any CPU
	EndGlobalSection
	GlobalSection(ProjectConfigurationPlatforms) = postSolution
		{22693184-974C-4DE5-B4F0-786308C13D86}.Debug|Any CPU.ActiveCfg = Debug|Any CPU
		{22693184-974C-4DE5-B4F0-786308C13D86}.Debug|Any CPU.Build.0 = Debug|Any CPU
		{22693184-974C-4DE5-B4F0-786308C13D86}.Release|Any CPU.ActiveCfg = Release|Any CPU
		{22693184-974C-4DE5-B4F0-786308C13D86}.Release|Any CPU.Build.0 = Release|Any CPU
		{016D2730-B23A-47B3-93BE-0B11E1E231AE}.Debug|Any CPU.ActiveCfg = Debug|Any CPU
		{016D2730-B23A-47B3-93BE-0B11E1E231AE}.Debug|Any CPU.Build.0 = Debug|Any CPU
		{016D2730-B23A-47B3-93BE-0B11E1E231AE}.Release|Any CPU.ActiveCfg = Release|Any CPU
		{016D2730-B23A-47B3-93BE-0B11E1E231AE}.Release|Any CPU.Build.0 = Release|Any CPU
		{2D7FA169-E965-499C-A62E-A5114C4588B2}.Debug|Any CPU.ActiveCfg = Debug|Any CPU
		{2D7FA169-E965-499C-A62E-A5114C4588B2}.Debug|Any CPU.Build.0 = Debug|Any CPU
		{2D7FA169-E965-499C-A62E-A5114C4588B2}.Release|Any CPU.ActiveCfg = Release|Any CPU
		{2D7FA169-E965-499C-A62E-A5114C4588B2}.Release|Any CPU.Build.0 = Release|Any CPU
		{0DB7EA47-2378-4831-AD70-28E22797A38B}.Debug|Any CPU.ActiveCfg = Debug|Any CPU
		{0DB7EA47-2378-4831-AD70-28E22797A38B}.Debug|Any CPU.Build.0 = Debug|Any CPU
		{0DB7EA47-2378-4831-AD70-28E22797A38B}.Release|Any CPU.ActiveCfg = Release|Any CPU
		{0DB7EA47-2378-4831-AD70-28E22797A38B}.Release|Any CPU.Build.0 = Release|Any CPU
		{439D9550-D2B1-4C85-B55E-1679C96DE83B}.Debug|Any CPU.ActiveCfg = Debug|Any CPU
		{439D9550-D2B1-4C85-B55E-1679C96DE83B}.Debug|Any CPU.Build.0 = Debug|Any CPU
		{439D9550-D2B1-4C85-B55E-1679C96DE83B}.Release|Any CPU.ActiveCfg = Release|Any CPU
		{439D9550-D2B1-4C85-B55E-1679C96DE83B}.Release|Any CPU.Build.0 = Release|Any CPU
		{5987E622-07EA-47D9-8CB5-9816CF4F243D}.Debug|Any CPU.ActiveCfg = Debug|Any CPU
		{5987E622-07EA-47D9-8CB5-9816CF4F243D}.Debug|Any CPU.Build.0 = Debug|Any CPU
		{5987E622-07EA-47D9-8CB5-9816CF4F243D}.Release|Any CPU.ActiveCfg = Release|Any CPU
		{5987E622-07EA-47D9-8CB5-9816CF4F243D}.Release|Any CPU.Build.0 = Release|Any CPU
	EndGlobalSection
	GlobalSection(SolutionProperties) = preSolution
		HideSolutionNode = FALSE
	EndGlobalSection
EndGlobal
